
Microsoft Visual Studio Solution File, Format Version 12.00
# Visual Studio Version 17
VisualStudioVersion = 17.11.35208.52
MinimumVisualStudioVersion = 10.0.40219.1
Project("{FAE04EC0-301F-11D3-BF4B-00C04F79EFBC}") = "STUDY_101", "STUDY_101\STUDY_101.csproj", "{831D940D-A611-4546-BF96-7138FB0C3F04}"
EndProject
Global
	GlobalSection(SolutionConfigurationPlatforms) = preSolution
		Debug|Any CPU = Debug|Any CPU
		Release|Any CPU = Release|Any CPU
	EndGlobalSection
	GlobalSection(ProjectConfigurationPlatforms) = postSolution
		{831D940D-A611-4546-BF96-7138FB0C3F04}.Debug|Any CPU.ActiveCfg = Debug|Any CPU
		{831D940D-A611-4546-BF96-7138FB0C3F04}.Debug|Any CPU.Build.0 = Debug|Any CPU
		{831D940D-A611-4546-BF96-7138FB0C3F04}.Release|Any CPU.ActiveCfg = Release|Any CPU
		{831D940D-A611-4546-BF96-7138FB0C3F04}.Release|Any CPU.Build.0 = Release|Any CPU
	EndGlobalSection
	GlobalSection(SolutionProperties) = preSolution
		HideSolutionNode = FALSE
	EndGlobalSection
	GlobalSection(ExtensibilityGlobals) = postSolution
		SolutionGuid = {14494C89-67B6-4FE0-8D14-FCF14D0C1BC2}
	EndGlobalSection
EndGlobal
